
Microsoft Visual Studio Solution File, Format Version 12.00
# Visual Studio 15
VisualStudioVersion = 15.0.27130.2036
MinimumVisualStudioVersion = 10.0.40219.1
Project("{8BC9CEB8-8B4A-11D0-8D11-00A0C91BC942}") = "Just_Editor", "Just_Editor\Just_Editor.vcxproj", "{17BFB4F4-7B04-4B31-A809-31FAA0F78ADC}"
EndProject
Global
	GlobalSection(SolutionConfigurationPlatforms) = preSolution
		Debug|ARM = Debug|ARM
		Debug|x64 = Debug|x64
		Debug|x86 = Debug|x86
		Release|ARM = Release|ARM
		Release|x64 = Release|x64
		Release|x86 = Release|x86
	EndGlobalSection
	GlobalSection(ProjectConfigurationPlatforms) = postSolution
		{17BFB4F4-7B04-4B31-A809-31FAA0F78ADC}.Debug|ARM.ActiveCfg = Debug|ARM
		{17BFB4F4-7B04-4B31-A809-31FAA0F78ADC}.Debug|ARM.Build.0 = Debug|ARM
		{17BFB4F4-7B04-4B31-A809-31FAA0F78ADC}.Debug|ARM.Deploy.0 = Debug|ARM
		{17BFB4F4-7B04-4B31-A809-31FAA0F78ADC}.Debug|x64.ActiveCfg = Debug|x64
		{17BFB4F4-7B04-4B31-A809-31FAA0F78ADC}.Debug|x64.Build.0 = Debug|x64
		{17BFB4F4-7B04-4B31-A809-31FAA0F78ADC}.Debug|x64.Deploy.0 = Debug|x64
		{17BFB4F4-7B04-4B31-A809-31FAA0F78ADC}.Debug|x86.ActiveCfg = Debug|Win32
		{17BFB4F4-7B04-4B31-A809-31FAA0F78ADC}.Debug|x86.Build.0 = Debug|Win32
		{17BFB4F4-7B04-4B31-A809-31FAA0F78ADC}.Debug|x86.Deploy.0 = Debug|Win32
		{17BFB4F4-7B04-4B31-A809-31FAA0F78ADC}.Release|ARM.ActiveCfg = Release|ARM
		{17BFB4F4-7B04-4B31-A809-31FAA0F78ADC}.Release|ARM.Build.0 = Release|ARM
		{17BFB4F4-7B04-4B31-A809-31FAA0F78ADC}.Release|ARM.Deploy.0 = Release|ARM
		{17BFB4F4-7B04-4B31-A809-31FAA0F78ADC}.Release|x64.ActiveCfg = Release|x64
		{17BFB4F4-7B04-4B31-A809-31FAA0F78ADC}.Release|x64.Build.0 = Release|x64
		{17BFB4F4-7B04-4B31-A809-31FAA0F78ADC}.Release|x64.Deploy.0 = Release|x64
		{17BFB4F4-7B04-4B31-A809-31FAA0F78ADC}.Release|x86.ActiveCfg = Release|Win32
		{17BFB4F4-7B04-4B31-A809-31FAA0F78ADC}.Release|x86.Build.0 = Release|Win32
		{17BFB4F4-7B04-4B31-A809-31FAA0F78ADC}.Release|x86.Deploy.0 = Release|Win32
	EndGlobalSection
	GlobalSection(SolutionProperties) = preSolution
		HideSolutionNode = FALSE
	EndGlobalSection
	GlobalSection(ExtensibilityGlobals) = postSolution
		SolutionGuid = {5CEF23BE-0162-4B8E-8B05-0ECA2E763852}
	EndGlobalSection
EndGlobal
